
Microsoft Visual Studio Solution File, Format Version 12.00
# Visual Studio 15
VisualStudioVersion = 15.0.26228.9
MinimumVisualStudioVersion = 10.0.40219.1
Project("{FAE04EC0-301F-11D3-BF4B-00C04F79EFBC}") = "SmartLogAnalyzer", "SmartLogAnalyzer\SmartLogAnalyzer.csproj", "{8C92FB0F-2C99-42CE-ACB0-5BE17B42C507}"
EndProject
Project("{2150E333-8FDC-42A3-9474-1A3956D46DE8}") = "Dock Panel Suite", "Dock Panel Suite", "{75E37164-E0E3-41C7-95B9-A7DACDE1B366}"
EndProject
Project("{FAE04EC0-301F-11D3-BF4B-00C04F79EFBC}") = "WinFormsUI", "DockPanelSuite\WinFormsUI\WinFormsUI.csproj", "{C75532C4-765B-418E-B09B-46D36B2ABDB1}"
EndProject
Project("{FAE04EC0-301F-11D3-BF4B-00C04F79EFBC}") = "ThemeVS2003", "DockPanelSuite\WinFormsUI\ThemeVS2003.csproj", "{719F0F69-66DA-438D-B5BB-2D883EF4ACE2}"
EndProject
Project("{FAE04EC0-301F-11D3-BF4B-00C04F79EFBC}") = "ThemeVS2005Multithreading", "DockPanelSuite\WinFormsUI\ThemeVS2005Multithreading.csproj", "{01B09009-BD30-47F2-B318-4B583D606C61}"
EndProject
Project("{FAE04EC0-301F-11D3-BF4B-00C04F79EFBC}") = "ThemeVS2010", "DockPanelSuite\WinFormsUI\ThemeVS2010.csproj", "{E9EFE270-83BC-4D18-A1BF-7902BA8B83D6}"
EndProject
Project("{FAE04EC0-301F-11D3-BF4B-00C04F79EFBC}") = "ThemeVS2012", "DockPanelSuite\WinFormsUI\ThemeVS2012.csproj", "{4ED4FDB5-9FD0-49E6-876D-1635F727C755}"
EndProject
Project("{FAE04EC0-301F-11D3-BF4B-00C04F79EFBC}") = "ThemeVS2013", "DockPanelSuite\WinFormsUI\ThemeVS2013.csproj", "{245E07F6-10D5-4CFA-B003-0DEB06B223DA}"
EndProject
Project("{FAE04EC0-301F-11D3-BF4B-00C04F79EFBC}") = "ThemeVS2015", "DockPanelSuite\WinFormsUI\ThemeVS2015.csproj", "{007D4AC8-948F-4816-86AD-B9D1343672C1}"
EndProject
Project("{FAE04EC0-301F-11D3-BF4B-00C04F79EFBC}") = "DockpanelSample", "DockPanelSuite\DockpanelSample\DockpanelSample.csproj", "{FBA5E6E0-5B8E-44F8-BFA2-8F988A6B975F}"
EndProject
Global
	GlobalSection(SolutionConfigurationPlatforms) = preSolution
		Debug|Any CPU = Debug|Any CPU
		Release|Any CPU = Release|Any CPU
	EndGlobalSection
	GlobalSection(ProjectConfigurationPlatforms) = postSolution
		{8C92FB0F-2C99-42CE-ACB0-5BE17B42C507}.Debug|Any CPU.ActiveCfg = Debug|Any CPU
		{8C92FB0F-2C99-42CE-ACB0-5BE17B42C507}.Debug|Any CPU.Build.0 = Debug|Any CPU
		{8C92FB0F-2C99-42CE-ACB0-5BE17B42C507}.Release|Any CPU.ActiveCfg = Release|Any CPU
		{8C92FB0F-2C99-42CE-ACB0-5BE17B42C507}.Release|Any CPU.Build.0 = Release|Any CPU
		{C75532C4-765B-418E-B09B-46D36B2ABDB1}.Debug|Any CPU.ActiveCfg = Debug|Any CPU
		{C75532C4-765B-418E-B09B-46D36B2ABDB1}.Debug|Any CPU.Build.0 = Debug|Any CPU
		{C75532C4-765B-418E-B09B-46D36B2ABDB1}.Release|Any CPU.ActiveCfg = Release|Any CPU
		{C75532C4-765B-418E-B09B-46D36B2ABDB1}.Release|Any CPU.Build.0 = Release|Any CPU
		{719F0F69-66DA-438D-B5BB-2D883EF4ACE2}.Debug|Any CPU.ActiveCfg = Debug|Any CPU
		{719F0F69-66DA-438D-B5BB-2D883EF4ACE2}.Debug|Any CPU.Build.0 = Debug|Any CPU
		{719F0F69-66DA-438D-B5BB-2D883EF4ACE2}.Release|Any CPU.ActiveCfg = Release|Any CPU
		{719F0F69-66DA-438D-B5BB-2D883EF4ACE2}.Release|Any CPU.Build.0 = Release|Any CPU
		{01B09009-BD30-47F2-B318-4B583D606C61}.Debug|Any CPU.ActiveCfg = Debug|Any CPU
		{01B09009-BD30-47F2-B318-4B583D606C61}.Debug|Any CPU.Build.0 = Debug|Any CPU
		{01B09009-BD30-47F2-B318-4B583D606C61}.Release|Any CPU.ActiveCfg = Release|Any CPU
		{01B09009-BD30-47F2-B318-4B583D606C61}.Release|Any CPU.Build.0 = Release|Any CPU
		{E9EFE270-83BC-4D18-A1BF-7902BA8B83D6}.Debug|Any CPU.ActiveCfg = Debug|Any CPU
		{E9EFE270-83BC-4D18-A1BF-7902BA8B83D6}.Debug|Any CPU.Build.0 = Debug|Any CPU
		{E9EFE270-83BC-4D18-A1BF-7902BA8B83D6}.Release|Any CPU.ActiveCfg = Release|Any CPU
		{E9EFE270-83BC-4D18-A1BF-7902BA8B83D6}.Release|Any CPU.Build.0 = Release|Any CPU
		{4ED4FDB5-9FD0-49E6-876D-1635F727C755}.Debug|Any CPU.ActiveCfg = Debug|Any CPU
		{4ED4FDB5-9FD0-49E6-876D-1635F727C755}.Debug|Any CPU.Build.0 = Debug|Any CPU
		{4ED4FDB5-9FD0-49E6-876D-1635F727C755}.Release|Any CPU.ActiveCfg = Release|Any CPU
		{4ED4FDB5-9FD0-49E6-876D-1635F727C755}.Release|Any CPU.Build.0 = Release|Any CPU
		{245E07F6-10D5-4CFA-B003-0DEB06B223DA}.Debug|Any CPU.ActiveCfg = Debug|Any CPU
		{245E07F6-10D5-4CFA-B003-0DEB06B223DA}.Debug|Any CPU.Build.0 = Debug|Any CPU
		{245E07F6-10D5-4CFA-B003-0DEB06B223DA}.Release|Any CPU.ActiveCfg = Release|Any CPU
		{245E07F6-10D5-4CFA-B003-0DEB06B223DA}.Release|Any CPU.Build.0 = Release|Any CPU
		{007D4AC8-948F-4816-86AD-B9D1343672C1}.Debug|Any CPU.ActiveCfg = Debug|Any CPU
		{007D4AC8-948F-4816-86AD-B9D1343672C1}.Debug|Any CPU.Build.0 = Debug|Any CPU
		{007D4AC8-948F-4816-86AD-B9D1343672C1}.Release|Any CPU.ActiveCfg = Release|Any CPU
		{007D4AC8-948F-4816-86AD-B9D1343672C1}.Release|Any CPU.Build.0 = Release|Any CPU
		{FBA5E6E0-5B8E-44F8-BFA2-8F988A6B975F}.Debug|Any CPU.ActiveCfg = Debug|Any CPU
		{FBA5E6E0-5B8E-44F8-BFA2-8F988A6B975F}.Debug|Any CPU.Build.0 = Debug|Any CPU
		{FBA5E6E0-5B8E-44F8-BFA2-8F988A6B975F}.Release|Any CPU.ActiveCfg = Release|Any CPU
		{FBA5E6E0-5B8E-44F8-BFA2-8F988A6B975F}.Release|Any CPU.Build.0 = Release|Any CPU
	EndGlobalSection
	GlobalSection(SolutionProperties) = preSolution
		HideSolutionNode = FALSE
	EndGlobalSection
	GlobalSection(NestedProjects) = preSolution
		{C75532C4-765B-418E-B09B-46D36B2ABDB1} = {75E37164-E0E3-41C7-95B9-A7DACDE1B366}
		{719F0F69-66DA-438D-B5BB-2D883EF4ACE2} = {75E37164-E0E3-41C7-95B9-A7DACDE1B366}
		{01B09009-BD30-47F2-B318-4B583D606C61} = {75E37164-E0E3-41C7-95B9-A7DACDE1B366}
		{E9EFE270-83BC-4D18-A1BF-7902BA8B83D6} = {75E37164-E0E3-41C7-95B9-A7DACDE1B366}
		{4ED4FDB5-9FD0-49E6-876D-1635F727C755} = {75E37164-E0E3-41C7-95B9-A7DACDE1B366}
		{245E07F6-10D5-4CFA-B003-0DEB06B223DA} = {75E37164-E0E3-41C7-95B9-A7DACDE1B366}
		{007D4AC8-948F-4816-86AD-B9D1343672C1} = {75E37164-E0E3-41C7-95B9-A7DACDE1B366}
		{FBA5E6E0-5B8E-44F8-BFA2-8F988A6B975F} = {75E37164-E0E3-41C7-95B9-A7DACDE1B366}
	EndGlobalSection
EndGlobal
